
Microsoft Visual Studio Solution File, Format Version 12.00
# Visual Studio Version 16
VisualStudioVersion = 16.0.31911.196
MinimumVisualStudioVersion = 10.0.40219.1
Project("{FAE04EC0-301F-11D3-BF4B-00C04F79EFBC}") = "CarMarktClient", "CarMarktClient\CarMarktClient.csproj", "{23154D12-FD64-4A00-B3E2-0D516BDB1ABA}"
EndProject
Global
	GlobalSection(SolutionConfigurationPlatforms) = preSolution
		Debug|Any CPU = Debug|Any CPU
		Release|Any CPU = Release|Any CPU
	EndGlobalSection
	GlobalSection(ProjectConfigurationPlatforms) = postSolution
		{23154D12-FD64-4A00-B3E2-0D516BDB1ABA}.Debug|Any CPU.ActiveCfg = Debug|Any CPU
		{23154D12-FD64-4A00-B3E2-0D516BDB1ABA}.Debug|Any CPU.Build.0 = Debug|Any CPU
		{23154D12-FD64-4A00-B3E2-0D516BDB1ABA}.Release|Any CPU.ActiveCfg = Release|Any CPU
		{23154D12-FD64-4A00-B3E2-0D516BDB1ABA}.Release|Any CPU.Build.0 = Release|Any CPU
	EndGlobalSection
	GlobalSection(SolutionProperties) = preSolution
		HideSolutionNode = FALSE
	EndGlobalSection
	GlobalSection(ExtensibilityGlobals) = postSolution
		SolutionGuid = {835E2791-0E1A-40EF-8E87-373D37AAC6D0}
	EndGlobalSection
EndGlobal
